
Microsoft Visual Studio Solution File, Format Version 12.00
# Visual Studio Version 17
VisualStudioVersion = 17.14.36705.20 d17.14
MinimumVisualStudioVersion = 10.0.40219.1
Project("{FAE04EC0-301F-11D3-BF4B-00C04F79EFBC}") = "EDaemonWebServer", "EDaemonWebServer\EDaemonWebServer.csproj", "{C6D09F44-1F15-469E-A2DA-A9CFBA840378}"
EndProject
Project("{FAE04EC0-301F-11D3-BF4B-00C04F79EFBC}") = "EDaemonWebServerTests", "EDaemonWebServerTests\EDaemonWebServerTests.csproj", "{D3E578DC-9E88-461F-89D2-95E337A97DE2}"
EndProject
Global
	GlobalSection(SolutionConfigurationPlatforms) = preSolution
		Debug|Any CPU = Debug|Any CPU
		Release|Any CPU = Release|Any CPU
	EndGlobalSection
	GlobalSection(ProjectConfigurationPlatforms) = postSolution
		{C6D09F44-1F15-469E-A2DA-A9CFBA840378}.Debug|Any CPU.ActiveCfg = Debug|Any CPU
		{C6D09F44-1F15-469E-A2DA-A9CFBA840378}.Debug|Any CPU.Build.0 = Debug|Any CPU
		{C6D09F44-1F15-469E-A2DA-A9CFBA840378}.Release|Any CPU.ActiveCfg = Release|Any CPU
		{C6D09F44-1F15-469E-A2DA-A9CFBA840378}.Release|Any CPU.Build.0 = Release|Any CPU
		{D3E578DC-9E88-461F-89D2-95E337A97DE2}.Debug|Any CPU.ActiveCfg = Debug|Any CPU
		{D3E578DC-9E88-461F-89D2-95E337A97DE2}.Debug|Any CPU.Build.0 = Debug|Any CPU
		{D3E578DC-9E88-461F-89D2-95E337A97DE2}.Release|Any CPU.ActiveCfg = Release|Any CPU
		{D3E578DC-9E88-461F-89D2-95E337A97DE2}.Release|Any CPU.Build.0 = Release|Any CPU
	EndGlobalSection
	GlobalSection(SolutionProperties) = preSolution
		HideSolutionNode = FALSE
	EndGlobalSection
	GlobalSection(ExtensibilityGlobals) = postSolution
		SolutionGuid = {1DED9A86-41C3-4FF0-87D1-704245BDD97B}
	EndGlobalSection
EndGlobal
